
Microsoft Visual Studio Solution File, Format Version 12.00
# Visual Studio Version 16
VisualStudioVersion = 16.0.31424.327
MinimumVisualStudioVersion = 10.0.40219.1
Project("{8BC9CEB8-8B4A-11D0-8D11-00A0C91BC942}") = "Biblio_Convert_Program", "Biblio_Convert_Program\Biblio_Convert_Program.vcxproj", "{41F3687B-739B-4AD9-BA40-56CDE892B9E1}"
EndProject
Project("{54435603-DBB4-11D2-8724-00A0C9A8B90C}") = "Setup", "Setup\Setup.vdproj", "{23D6C09C-D080-4D4F-BDFD-677D5601B379}"
EndProject
Global
	GlobalSection(SolutionConfigurationPlatforms) = preSolution
		Debug|x64 = Debug|x64
		Debug|x86 = Debug|x86
		Release|x64 = Release|x64
		Release|x86 = Release|x86
	EndGlobalSection
	GlobalSection(ProjectConfigurationPlatforms) = postSolution
		{41F3687B-739B-4AD9-BA40-56CDE892B9E1}.Debug|x64.ActiveCfg = Debug|x64
		{41F3687B-739B-4AD9-BA40-56CDE892B9E1}.Debug|x64.Build.0 = Debug|x64
		{41F3687B-739B-4AD9-BA40-56CDE892B9E1}.Debug|x86.ActiveCfg = Debug|Win32
		{41F3687B-739B-4AD9-BA40-56CDE892B9E1}.Debug|x86.Build.0 = Debug|Win32
		{41F3687B-739B-4AD9-BA40-56CDE892B9E1}.Release|x64.ActiveCfg = Release|x64
		{41F3687B-739B-4AD9-BA40-56CDE892B9E1}.Release|x64.Build.0 = Release|x64
		{41F3687B-739B-4AD9-BA40-56CDE892B9E1}.Release|x86.ActiveCfg = Release|Win32
		{41F3687B-739B-4AD9-BA40-56CDE892B9E1}.Release|x86.Build.0 = Release|Win32
		{23D6C09C-D080-4D4F-BDFD-677D5601B379}.Debug|x64.ActiveCfg = Debug
		{23D6C09C-D080-4D4F-BDFD-677D5601B379}.Debug|x86.ActiveCfg = Debug
		{23D6C09C-D080-4D4F-BDFD-677D5601B379}.Release|x64.ActiveCfg = Release
		{23D6C09C-D080-4D4F-BDFD-677D5601B379}.Release|x86.ActiveCfg = Release
	EndGlobalSection
	GlobalSection(SolutionProperties) = preSolution
		HideSolutionNode = FALSE
	EndGlobalSection
	GlobalSection(ExtensibilityGlobals) = postSolution
		SolutionGuid = {AC9F34C2-E39A-47D5-A41E-3B18A59674F5}
	EndGlobalSection
EndGlobal
